github.com/KirkDiggler/rpg-toolkit/core v0.1.0 h1:BUJ877kikqcQ0aOt2qUhLSUOVtCaCHLOSyw6nd18B7w=
github.com/KirkDiggler/rpg-toolkit/core v0.1.0/go.mod h1:N7xIvJGjmrHHNjfWQ3O1LlkalzImcMav3O0fNOg+8No=
github.com/KirkDiggler/rpg-toolkit/core v0.1.2 h1:KNxTxof8BAR+zpMsoYbbVB1UIRgS1RZ60gmiGV3JoK4=
github.com/KirkDiggler/rpg-toolkit/core v0.1.2/go.mod h1:XFQXYViPZUTYu/a8jdRadI3rGnKk4r7tRtPm++vSUV0=
github.com/KirkDiggler/rpg-toolkit/dice v0.1.0 h1:/tpfvSeV2NeaerItinsd1cc1I680cq3lkBL3EsV5Wz4=
github.com/KirkDiggler/rpg-toolkit/dice v0.1.0/go.mod h1:JEWKuYBi+h9f8jFAcE2MI2yVDFV6ldOVx36y5fbc6p4=
github.com/KirkDiggler/rpg-toolkit/events v0.1.0 h1:ec8t66jaZkuir+FfqNZvK6m2PfLOwmtOY2vjZ64+Bpg=
github.com/KirkDiggler/rpg-toolkit/events v0.1.0/go.mod h1:mOcykXOhLsCR/mZHO4hzM4dVSyo/imwSix+wobEqIPM=
github.com/davecgh/go-spew v1.1.1 h1:vj9j/u1bqnvCEfJOwUhtlOARqs3+rkHYY13jYWTU97c=
github.com/davecgh/go-spew v1.1.1/go.mod h1:J7Y8YcW2NihsgmVo/mv3lAwl/skON4iLHjSsI+c5H38=
github.com/pmezard/go-difflib v1.0.0 h1:4DBwDE0NGyQoBHbLQYPwSUPoCMWR5BEzIk/f1lZbAQM=
github.com/pmezard/go-difflib v1.0.0/go.mod h1:iKH77koFhYxTK1pcRnkKkqfTogsbg7gZNVY4sRDYZ/4=
github.com/stretchr/testify v1.9.0 h1:HtqpIVDClZ4nwg75+f6Lvsy/wHu+3BoSGCbBAcpTsTg=
github.com/stretchr/testify v1.9.0/go.mod h1:r2ic/lqez/lEtzL7wO/rwa5dbSLXVDPFyf8C91i36aY=
go.uber.org/mock v0.5.2 h1:LbtPTcP8A5k9WPXj54PPPbjcI4Y6lhyOZXn+VS7wNko=
go.uber.org/mock v0.5.2/go.mod h1:wLlUxC2vVTPTaE3UD51E0BGOAElKrILxhVSDYQLld5o=
gopkg.in/check.v1 v0.0.0-20161208181325-20d25e280405 h1:yhCVgyC4o1eVCa2tZl7eS0r+SDo693bJlVdllGtEeKM=
gopkg.in/check.v1 v0.0.0-20161208181325-20d25e280405/go.mod h1:Co6ibVJAznAaIkqp8huTwlJQCZ016jof/cbN4VW5Yz0=
gopkg.in/yaml.v3 v3.0.1 h1:fxVm/GzAzEWqLHuvctI91KS9hhNmmWOoWu0XTYJS7CA=
gopkg.in/yaml.v3 v3.0.1/go.mod h1:K4uyk7z7BCEPqu6E+C64Yfv1cQ7kz7rIZviUmN+EgEM=
