github.com/KirkDiggler/rpg-toolkit/core v0.1.0 h1:BUJ877kikqcQ0aOt2qUhLSUOVtCaCHLOSyw6nd18B7w=
github.com/KirkDiggler/rpg-toolkit/core v0.1.0/go.mod h1:N7xIvJGjmrHHNjfWQ3O1LlkalzImcMav3O0fNOg+8No=
github.com/KirkDiggler/rpg-toolkit/events v0.1.1 h1:6EFI8NsdPwoymE+ZEU0i2hBTCXBV7yXrFQ73RScdewE=
github.com/KirkDiggler/rpg-toolkit/events v0.1.1/go.mod h1:M+mF5gE04daLz73PX173IOn0CmVoAC6ff10Kx3BBCe8=
