github.com/KirkDiggler/rpg-toolkit/core v0.9.5 h1:E8oOYJEix6KSrwwgll83fgJRIT4LkR4B2XJdga1MNhQ=
github.com/KirkDiggler/rpg-toolkit/core v0.9.5/go.mod h1:XFQXYViPZUTYu/a8jdRadI3rGnKk4r7tRtPm++vSUV0=
github.com/KirkDiggler/rpg-toolkit/core v0.9.6-0.20251205065638-a6d3a75d2297 h1:NIuwrganxGUznQmiOBtWVf/qXQPm2u3U6MiBQmyKOC8=
github.com/KirkDiggler/rpg-toolkit/core v0.9.6-0.20251205065638-a6d3a75d2297/go.mod h1:nPbQ/ZBTHKEavGQapmXo/MQxla7JuZNj2ICn9aNTQCw=
github.com/KirkDiggler/rpg-toolkit/dice v0.3.3-0.20250914062452-e2c6a0f32059 h1:74OW0fnq459g28p2JpyrB20tjno4FlF18+cHJ2xiTes=
github.com/KirkDiggler/rpg-toolkit/dice v0.3.3-0.20250914062452-e2c6a0f32059/go.mod h1:JEWKuYBi+h9f8jFAcE2MI2yVDFV6ldOVx36y5fbc6p4=
github.com/KirkDiggler/rpg-toolkit/events v0.6.0 h1:7tAo5ddnaBk2nLeLY3wwa5zVx93ntA5FOgi+NNF4rmk=
github.com/KirkDiggler/rpg-toolkit/events v0.6.0/go.mod h1:JNzyCw1l/RL4nyoCpx3tSko8Dsocwye9eFg33Ot6mUw=
github.com/KirkDiggler/rpg-toolkit/events v0.6.1 h1:cUFA6eM6aNiSD2WdrGbNXepza/3fA+YxE3qm6T2mSl0=
github.com/KirkDiggler/rpg-toolkit/events v0.6.1/go.mod h1:JNzyCw1l/RL4nyoCpx3tSko8Dsocwye9eFg33Ot6mUw=
github.com/KirkDiggler/rpg-toolkit/mechanics/resources v0.3.1 h1:wRshHQZfLnEh03/Gqy96ZvuZ6Wc/Zl3whhBLbFGWnQY=
github.com/KirkDiggler/rpg-toolkit/mechanics/resources v0.3.1/go.mod h1:LzyZd5OAAic1UnyPwCx6HnmWcOQ/jZvqMSc+Q0k7fH8=
github.com/KirkDiggler/rpg-toolkit/rpgerr v0.1.1 h1:MtAEpVskb0lfb+oXO8xGrSQsDoHZdQ/kjdjh7b9IOdY=
github.com/KirkDiggler/rpg-toolkit/rpgerr v0.1.1/go.mod h1:wsyJmmf1X0iLFGy5Iyy5sUoZhXZQvuYVsKdXfc4b/T4=
github.com/davecgh/go-spew v1.1.1 h1:vj9j/u1bqnvCEfJOwUhtlOARqs3+rkHYY13jYWTU97c=
github.com/davecgh/go-spew v1.1.1/go.mod h1:J7Y8YcW2NihsgmVo/mv3lAwl/skON4iLHjSsI+c5H38=
github.com/pmezard/go-difflib v1.0.0 h1:4DBwDE0NGyQoBHbLQYPwSUPoCMWR5BEzIk/f1lZbAQM=
github.com/pmezard/go-difflib v1.0.0/go.mod h1:iKH77koFhYxTK1pcRnkKkqfTogsbg7gZNVY4sRDYZ/4=
github.com/stretchr/testify v1.10.0 h1:Xv5erBjTwe/5IxqUQTdXv5kgmIvbHo3QQyRwhJsOfJA=
github.com/stretchr/testify v1.10.0/go.mod h1:r2ic/lqez/lEtzL7wO/rwa5dbSLXVDPFyf8C91i36aY=
go.uber.org/mock v0.5.2 h1:LbtPTcP8A5k9WPXj54PPPbjcI4Y6lhyOZXn+VS7wNko=
go.uber.org/mock v0.5.2/go.mod h1:wLlUxC2vVTPTaE3UD51E0BGOAElKrILxhVSDYQLld5o=
gopkg.in/check.v1 v0.0.0-20161208181325-20d25e280405 h1:yhCVgyC4o1eVCa2tZl7eS0r+SDo693bJlVdllGtEeKM=
gopkg.in/check.v1 v0.0.0-20161208181325-20d25e280405/go.mod h1:Co6ibVJAznAaIkqp8huTwlJQCZ016jof/cbN4VW5Yz0=
gopkg.in/yaml.v3 v3.0.1 h1:fxVm/GzAzEWqLHuvctI91KS9hhNmmWOoWu0XTYJS7CA=
gopkg.in/yaml.v3 v3.0.1/go.mod h1:K4uyk7z7BCEPqu6E+C64Yfv1cQ7kz7rIZviUmN+EgEM=
